
Microsoft Visual Studio Solution File, Format Version 11.00
# Visual Studio 2010
Project("{FAE04EC0-301F-11D3-BF4B-00C04F79EFBC}") = "FlagSync.Core", "FlagSync.Core\FlagSync.Core.csproj", "{1149F3C5-DBFE-4CFD-98F6-DB396343E647}"
EndProject
Project("{FAE04EC0-301F-11D3-BF4B-00C04F79EFBC}") = "FlagSync.View", "FlagSync.View\FlagSync.View.csproj", "{91E37F1B-FE0F-456F-8F67-4058A854FDF8}"
EndProject
Project("{54435603-DBB4-11D2-8724-00A0C9A8B90C}") = "FlagSync.Setup", "FlagSync.Setup\FlagSync.Setup.vdproj", "{F1E3BF8E-9B77-404F-ADB2-FC2F8CFFB577}"
EndProject
Project("{FAE04EC0-301F-11D3-BF4B-00C04F79EFBC}") = "FlagSync.Data", "FlagSync.Data\FlagSync.Data.csproj", "{080FB9A0-A2F9-438F-8F84-60B7FB448633}"
EndProject
Project("{2150E333-8FDC-42A3-9474-1A3956D46DE8}") = "Solution Items", "Solution Items", "{3E98AE14-9CE5-4194-A0F1-D23ED830E6E0}"
	ProjectSection(SolutionItems) = preProject
		..\Changelog.txt = ..\Changelog.txt
	EndProjectSection
EndProject
Global
	GlobalSection(TestCaseManagementSettings) = postSolution
		CategoryFile = FlagSync.vsmdi
	EndGlobalSection
	GlobalSection(SolutionConfigurationPlatforms) = preSolution
		Debug|x86 = Debug|x86
		Release|x86 = Release|x86
	EndGlobalSection
	GlobalSection(ProjectConfigurationPlatforms) = postSolution
		{1149F3C5-DBFE-4CFD-98F6-DB396343E647}.Debug|x86.ActiveCfg = Debug|x86
		{1149F3C5-DBFE-4CFD-98F6-DB396343E647}.Debug|x86.Build.0 = Debug|x86
		{1149F3C5-DBFE-4CFD-98F6-DB396343E647}.Release|x86.ActiveCfg = Release|x86
		{1149F3C5-DBFE-4CFD-98F6-DB396343E647}.Release|x86.Build.0 = Release|x86
		{91E37F1B-FE0F-456F-8F67-4058A854FDF8}.Debug|x86.ActiveCfg = Debug|x86
		{91E37F1B-FE0F-456F-8F67-4058A854FDF8}.Debug|x86.Build.0 = Debug|x86
		{91E37F1B-FE0F-456F-8F67-4058A854FDF8}.Release|x86.ActiveCfg = Release|x86
		{91E37F1B-FE0F-456F-8F67-4058A854FDF8}.Release|x86.Build.0 = Release|x86
		{F1E3BF8E-9B77-404F-ADB2-FC2F8CFFB577}.Debug|x86.ActiveCfg = Debug
		{F1E3BF8E-9B77-404F-ADB2-FC2F8CFFB577}.Release|x86.ActiveCfg = Release
		{F1E3BF8E-9B77-404F-ADB2-FC2F8CFFB577}.Release|x86.Build.0 = Release
		{080FB9A0-A2F9-438F-8F84-60B7FB448633}.Debug|x86.ActiveCfg = Debug|x86
		{080FB9A0-A2F9-438F-8F84-60B7FB448633}.Debug|x86.Build.0 = Debug|x86
		{080FB9A0-A2F9-438F-8F84-60B7FB448633}.Release|x86.ActiveCfg = Release|x86
		{080FB9A0-A2F9-438F-8F84-60B7FB448633}.Release|x86.Build.0 = Release|x86
	EndGlobalSection
	GlobalSection(SolutionProperties) = preSolution
		HideSolutionNode = FALSE
	EndGlobalSection
EndGlobal
