
Microsoft Visual Studio Solution File, Format Version 11.00
# Visual Studio 2010
Project("{FAE04EC0-301F-11D3-BF4B-00C04F79EFBC}") = "FlagSync.Core", "FlagSync.Core\FlagSync.Core.csproj", "{1149F3C5-DBFE-4CFD-98F6-DB396343E647}"
EndProject
Project("{54435603-DBB4-11D2-8724-00A0C9A8B90C}") = "FlagSync.Setup", "FlagSync.Setup\FlagSync.Setup.vdproj", "{C16B1D43-6BE6-476D-9A51-0DDF57A54354}"
EndProject
Global
	GlobalSection(SolutionConfigurationPlatforms) = preSolution
		Debug|Any CPU = Debug|Any CPU
		Release|Any CPU = Release|Any CPU
	EndGlobalSection
	GlobalSection(ProjectConfigurationPlatforms) = postSolution
		{1149F3C5-DBFE-4CFD-98F6-DB396343E647}.Debug|Any CPU.ActiveCfg = Debug|Any CPU
		{1149F3C5-DBFE-4CFD-98F6-DB396343E647}.Debug|Any CPU.Build.0 = Debug|Any CPU
		{1149F3C5-DBFE-4CFD-98F6-DB396343E647}.Release|Any CPU.ActiveCfg = Release|Any CPU
		{1149F3C5-DBFE-4CFD-98F6-DB396343E647}.Release|Any CPU.Build.0 = Release|Any CPU
		{C16B1D43-6BE6-476D-9A51-0DDF57A54354}.Debug|Any CPU.ActiveCfg = Debug
		{C16B1D43-6BE6-476D-9A51-0DDF57A54354}.Debug|Any CPU.Build.0 = Debug
		{C16B1D43-6BE6-476D-9A51-0DDF57A54354}.Release|Any CPU.ActiveCfg = Release
		{C16B1D43-6BE6-476D-9A51-0DDF57A54354}.Release|Any CPU.Build.0 = Release
	EndGlobalSection
	GlobalSection(SolutionProperties) = preSolution
		HideSolutionNode = FALSE
	EndGlobalSection
EndGlobal
